// !$*UTF8*$!
{
	archiveVersion = 1;
	classes = {
	};
	objectVersion = 56;
	objects = {

/* Begin PBXBuildFile section */
		E49CD5822AECFFE9006486FF /* AppDelegate.swift in Sources */ = {isa = PBXBuildFile; fileRef = E49CD5812AECFFE9006486FF /* AppDelegate.swift */; };
		E49CD5842AECFFE9006486FF /* SceneDelegate.swift in Sources */ = {isa = PBXBuildFile; fileRef = E49CD5832AECFFE9006486FF /* SceneDelegate.swift */; };
		E49CD5862AECFFE9006486FF /* ViewController.swift in Sources */ = {isa = PBXBuildFile; fileRef = E49CD5852AECFFE9006486FF /* ViewController.swift */; };
		E49CD58B2AECFFEA006486FF /* Assets.xcassets in Resources */ = {isa = PBXBuildFile; fileRef = E49CD58A2AECFFEA006486FF /* Assets.xcassets */; };
		E49CD58E2AECFFEA006486FF /* LaunchScreen.storyboard in Resources */ = {isa = PBXBuildFile; fileRef = E49CD58C2AECFFEA006486FF /* LaunchScreen.storyboard */; };
		E49CD5992AECFFEA006486FF /* ProtocolOrientedProjectTests.swift in Sources */ = {isa = PBXBuildFile; fileRef = E49CD5982AECFFEA006486FF /* ProtocolOrientedProjectTests.swift */; };
		E49CD5A32AECFFEA006486FF /* ProtocolOrientedProjectUITests.swift in Sources */ = {isa = PBXBuildFile; fileRef = E49CD5A22AECFFEA006486FF /* ProtocolOrientedProjectUITests.swift */; };
		E49CD5A52AECFFEA006486FF /* ProtocolOrientedProjectUITestsLaunchTests.swift in Sources */ = {isa = PBXBuildFile; fileRef = E49CD5A42AECFFEA006486FF /* ProtocolOrientedProjectUITestsLaunchTests.swift */; };
		E49CD5B52AED02EF006486FF /* User.swift in Sources */ = {isa = PBXBuildFile; fileRef = E49CD5B42AED02EF006486FF /* User.swift */; };
		E49CD5B72AED0390006486FF /* APIManager.swift in Sources */ = {isa = PBXBuildFile; fileRef = E49CD5B62AED0390006486FF /* APIManager.swift */; };
		E49CD5BA2AED1954006486FF /* UserViewModel.swift in Sources */ = {isa = PBXBuildFile; fileRef = E49CD5B92AED1954006486FF /* UserViewModel.swift */; };
		E49CD5BC2AED1BF7006486FF /* UserViewModelOutput.swift in Sources */ = {isa = PBXBuildFile; fileRef = E49CD5BB2AED1BF7006486FF /* UserViewModelOutput.swift */; };
/* End PBXBuildFile section */

/* Begin PBXContainerItemProxy section */
		E49CD5952AECFFEA006486FF /* PBXContainerItemProxy */ = {
			isa = PBXContainerItemProxy;
			containerPortal = E49CD5762AECFFE9006486FF /* Project object */;
			proxyType = 1;
			remoteGlobalIDString = E49CD57D2AECFFE9006486FF;
			remoteInfo = ProtocolOrientedProject;
		};
		E49CD59F2AECFFEA006486FF /* PBXContainerItemProxy */ = {
			isa = PBXContainerItemProxy;
			containerPortal = E49CD5762AECFFE9006486FF /* Project object */;
			proxyType = 1;
			remoteGlobalIDString = E49CD57D2AECFFE9006486FF;
			remoteInfo = ProtocolOrientedProject;
		};
/* End PBXContainerItemProxy section */

/* Begin PBXFileReference section */
		E49CD57E2AECFFE9006486FF /* ProtocolOrientedProject.app */ = {isa = PBXFileReference; explicitFileType = wrapper.application; includeInIndex = 0; path = ProtocolOrientedProject.app; sourceTree = BUILT_PRODUCTS_DIR; };
		E49CD5812AECFFE9006486FF /* AppDelegate.swift */ = {isa = PBXFileReference; lastKnownFileType = sourcecode.swift; path = AppDelegate.swift; sourceTree = "<group>"; };
		E49CD5832AECFFE9006486FF /* SceneDelegate.swift */ = {isa = PBXFileReference; lastKnownFileType = sourcecode.swift; path = SceneDelegate.swift; sourceTree = "<group>"; };
		E49CD5852AECFFE9006486FF /* ViewController.swift */ = {isa = PBXFileReference; lastKnownFileType = sourcecode.swift; path = ViewController.swift; sourceTree = "<group>"; };
		E49CD58A2AECFFEA006486FF /* Assets.xcassets */ = {isa = PBXFileReference; lastKnownFileType = folder.assetcatalog; path = Assets.xcassets; sourceTree = "<group>"; };
		E49CD58D2AECFFEA006486FF /* Base */ = {isa = PBXFileReference; lastKnownFileType = file.storyboard; name = Base; path = Base.lproj/LaunchScreen.storyboard; sourceTree = "<group>"; };
		E49CD58F2AECFFEA006486FF /* Info.plist */ = {isa = PBXFileReference; lastKnownFileType = text.plist.xml; path = Info.plist; sourceTree = "<group>"; };
		E49CD5942AECFFEA006486FF /* ProtocolOrientedProjectTests.xctest */ = {isa = PBXFileReference; explicitFileType = wrapper.cfbundle; includeInIndex = 0; path = ProtocolOrientedProjectTests.xctest; sourceTree = BUILT_PRODUCTS_DIR; };
		E49CD5982AECFFEA006486FF /* ProtocolOrientedProjectTests.swift */ = {isa = PBXFileReference; lastKnownFileType = sourcecode.swift; path = ProtocolOrientedProjectTests.swift; sourceTree = "<group>"; };
		E49CD59E2AECFFEA006486FF /* ProtocolOrientedProjectUITests.xctest */ = {isa = PBXFileReference; explicitFileType = wrapper.cfbundle; includeInIndex = 0; path = ProtocolOrientedProjectUITests.xctest; sourceTree = BUILT_PRODUCTS_DIR; };
		E49CD5A22AECFFEA006486FF /* ProtocolOrientedProjectUITests.swift */ = {isa = PBXFileReference; lastKnownFileType = sourcecode.swift; path = ProtocolOrientedProjectUITests.swift; sourceTree = "<group>"; };
		E49CD5A42AECFFEA006486FF /* ProtocolOrientedProjectUITestsLaunchTests.swift */ = {isa = PBXFileReference; lastKnownFileType = sourcecode.swift; path = ProtocolOrientedProjectUITestsLaunchTests.swift; sourceTree = "<group>"; };
		E49CD5B42AED02EF006486FF /* User.swift */ = {isa = PBXFileReference; lastKnownFileType = sourcecode.swift; path = User.swift; sourceTree = "<group>"; };
		E49CD5B62AED0390006486FF /* APIManager.swift */ = {isa = PBXFileReference; lastKnownFileType = sourcecode.swift; path = APIManager.swift; sourceTree = "<group>"; };
		E49CD5B92AED1954006486FF /* UserViewModel.swift */ = {isa = PBXFileReference; lastKnownFileType = sourcecode.swift; path = UserViewModel.swift; sourceTree = "<group>"; };
		E49CD5BB2AED1BF7006486FF /* UserViewModelOutput.swift */ = {isa = PBXFileReference; lastKnownFileType = sourcecode.swift; path = UserViewModelOutput.swift; sourceTree = "<group>"; };
/* End PBXFileReference section */

/* Begin PBXFrameworksBuildPhase section */
		E49CD57B2AECFFE9006486FF /* Frameworks */ = {
			isa = PBXFrameworksBuildPhase;
			buildActionMask = 2147483647;
			files = (
			);
			runOnlyForDeploymentPostprocessing = 0;
		};
		E49CD5912AECFFEA006486FF /* Frameworks */ = {
			isa = PBXFrameworksBuildPhase;
			buildActionMask = 2147483647;
			files = (
			);
			runOnlyForDeploymentPostprocessing = 0;
		};
		E49CD59B2AECFFEA006486FF /* Frameworks */ = {
			isa = PBXFrameworksBuildPhase;
			buildActionMask = 2147483647;
			files = (
			);
			runOnlyForDeploymentPostprocessing = 0;
		};
/* End PBXFrameworksBuildPhase section */

/* Begin PBXGroup section */
		E49CD5752AECFFE9006486FF = {
			isa = PBXGroup;
			children = (
				E49CD5802AECFFE9006486FF /* ProtocolOrientedProject */,
				E49CD5972AECFFEA006486FF /* ProtocolOrientedProjectTests */,
				E49CD5A12AECFFEA006486FF /* ProtocolOrientedProjectUITests */,
				E49CD57F2AECFFE9006486FF /* Products */,
			);
			sourceTree = "<group>";
		};
		E49CD57F2AECFFE9006486FF /* Products */ = {
			isa = PBXGroup;
			children = (
				E49CD57E2AECFFE9006486FF /* ProtocolOrientedProject.app */,
				E49CD5942AECFFEA006486FF /* ProtocolOrientedProjectTests.xctest */,
				E49CD59E2AECFFEA006486FF /* ProtocolOrientedProjectUITests.xctest */,
			);
			name = Products;
			sourceTree = "<group>";
		};
		E49CD5802AECFFE9006486FF /* ProtocolOrientedProject */ = {
			isa = PBXGroup;
			children = (
				E49CD5B82AED1946006486FF /* ViewModel */,
				E49CD5B32AED02DD006486FF /* View */,
				E49CD5B22AED02D5006486FF /* Service */,
				E49CD5B12AED02BD006486FF /* Model */,
				E49CD5812AECFFE9006486FF /* AppDelegate.swift */,
				E49CD5832AECFFE9006486FF /* SceneDelegate.swift */,
				E49CD58A2AECFFEA006486FF /* Assets.xcassets */,
				E49CD58C2AECFFEA006486FF /* LaunchScreen.storyboard */,
				E49CD58F2AECFFEA006486FF /* Info.plist */,
			);
			path = ProtocolOrientedProject;
			sourceTree = "<group>";
		};
		E49CD5972AECFFEA006486FF /* ProtocolOrientedProjectTests */ = {
			isa = PBXGroup;
			children = (
				E49CD5982AECFFEA006486FF /* ProtocolOrientedProjectTests.swift */,
			);
			path = ProtocolOrientedProjectTests;
			sourceTree = "<group>";
		};
		E49CD5A12AECFFEA006486FF /* ProtocolOrientedProjectUITests */ = {
			isa = PBXGroup;
			children = (
				E49CD5A22AECFFEA006486FF /* ProtocolOrientedProjectUITests.swift */,
				E49CD5A42AECFFEA006486FF /* ProtocolOrientedProjectUITestsLaunchTests.swift */,
			);
			path = ProtocolOrientedProjectUITests;
			sourceTree = "<group>";
		};
		E49CD5B12AED02BD006486FF /* Model */ = {
			isa = PBXGroup;
			children = (
				E49CD5B42AED02EF006486FF /* User.swift */,
			);
			path = Model;
			sourceTree = "<group>";
		};
		E49CD5B22AED02D5006486FF /* Service */ = {
			isa = PBXGroup;
			children = (
				E49CD5B62AED0390006486FF /* APIManager.swift */,
			);
			path = Service;
			sourceTree = "<group>";
		};
		E49CD5B32AED02DD006486FF /* View */ = {
			isa = PBXGroup;
			children = (
				E49CD5852AECFFE9006486FF /* ViewController.swift */,
			);
			path = View;
			sourceTree = "<group>";
		};
		E49CD5B82AED1946006486FF /* ViewModel */ = {
			isa = PBXGroup;
			children = (
				E49CD5B92AED1954006486FF /* UserViewModel.swift */,
				E49CD5BB2AED1BF7006486FF /* UserViewModelOutput.swift */,
			);
			path = ViewModel;
			sourceTree = "<group>";
		};
/* End PBXGroup section */

/* Begin PBXNativeTarget section */
		E49CD57D2AECFFE9006486FF /* ProtocolOrientedProject */ = {
			isa = PBXNativeTarget;
			buildConfigurationList = E49CD5A82AECFFEA006486FF /* Build configuration list for PBXNativeTarget "ProtocolOrientedProject" */;
			buildPhases = (
				E49CD57A2AECFFE9006486FF /* Sources */,
				E49CD57B2AECFFE9006486FF /* Frameworks */,
				E49CD57C2AECFFE9006486FF /* Resources */,
			);
			buildRules = (
			);
			dependencies = (
			);
			name = ProtocolOrientedProject;
			productName = ProtocolOrientedProject;
			productReference = E49CD57E2AECFFE9006486FF /* ProtocolOrientedProject.app */;
			productType = "com.apple.product-type.application";
		};
		E49CD5932AECFFEA006486FF /* ProtocolOrientedProjectTests */ = {
			isa = PBXNativeTarget;
			buildConfigurationList = E49CD5AB2AECFFEA006486FF /* Build configuration list for PBXNativeTarget "ProtocolOrientedProjectTests" */;
			buildPhases = (
				E49CD5902AECFFEA006486FF /* Sources */,
				E49CD5912AECFFEA006486FF /* Frameworks */,
				E49CD5922AECFFEA006486FF /* Resources */,
			);
			buildRules = (
			);
			dependencies = (
				E49CD5962AECFFEA006486FF /* PBXTargetDependency */,
			);
			name = ProtocolOrientedProjectTests;
			productName = ProtocolOrientedProjectTests;
			productReference = E49CD5942AECFFEA006486FF /* ProtocolOrientedProjectTests.xctest */;
			productType = "com.apple.product-type.bundle.unit-test";
		};
		E49CD59D2AECFFEA006486FF /* ProtocolOrientedProjectUITests */ = {
			isa = PBXNativeTarget;
			buildConfigurationList = E49CD5AE2AECFFEA006486FF /* Build configuration list for PBXNativeTarget "ProtocolOrientedProjectUITests" */;
			buildPhases = (
				E49CD59A2AECFFEA006486FF /* Sources */,
				E49CD59B2AECFFEA006486FF /* Frameworks */,
				E49CD59C2AECFFEA006486FF /* Resources */,
			);
			buildRules = (
			);
			dependencies = (
				E49CD5A02AECFFEA006486FF /* PBXTargetDependency */,
			);
			name = ProtocolOrientedProjectUITests;
			productName = ProtocolOrientedProjectUITests;
			productReference = E49CD59E2AECFFEA006486FF /* ProtocolOrientedProjectUITests.xctest */;
			productType = "com.apple.product-type.bundle.ui-testing";
		};
/* End PBXNativeTarget section */

/* Begin PBXProject section */
		E49CD5762AECFFE9006486FF /* Project object */ = {
			isa = PBXProject;
			attributes = {
				BuildIndependentTargetsInParallel = 1;
				LastSwiftUpdateCheck = 1430;
				LastUpgradeCheck = 1430;
				TargetAttributes = {
					E49CD57D2AECFFE9006486FF = {
						CreatedOnToolsVersion = 14.3.1;
					};
					E49CD5932AECFFEA006486FF = {
						CreatedOnToolsVersion = 14.3.1;
						TestTargetID = E49CD57D2AECFFE9006486FF;
					};
					E49CD59D2AECFFEA006486FF = {
						CreatedOnToolsVersion = 14.3.1;
						TestTargetID = E49CD57D2AECFFE9006486FF;
					};
				};
			};
			buildConfigurationList = E49CD5792AECFFE9006486FF /* Build configuration list for PBXProject "ProtocolOrientedProject" */;
			compatibilityVersion = "Xcode 14.0";
			developmentRegion = en;
			hasScannedForEncodings = 0;
			knownRegions = (
				en,
				Base,
			);
			mainGroup = E49CD5752AECFFE9006486FF;
			productRefGroup = E49CD57F2AECFFE9006486FF /* Products */;
			projectDirPath = "";
			projectRoot = "";
			targets = (
				E49CD57D2AECFFE9006486FF /* ProtocolOrientedProject */,
				E49CD5932AECFFEA006486FF /* ProtocolOrientedProjectTests */,
				E49CD59D2AECFFEA006486FF /* ProtocolOrientedProjectUITests */,
			);
		};
/* End PBXProject section */

/* Begin PBXResourcesBuildPhase section */
		E49CD57C2AECFFE9006486FF /* Resources */ = {
			isa = PBXResourcesBuildPhase;
			buildActionMask = 2147483647;
			files = (
				E49CD58E2AECFFEA006486FF /* LaunchScreen.storyboard in Resources */,
				E49CD58B2AECFFEA006486FF /* Assets.xcassets in Resources */,
			);
			runOnlyForDeploymentPostprocessing = 0;
		};
		E49CD5922AECFFEA006486FF /* Resources */ = {
			isa = PBXResourcesBuildPhase;
			buildActionMask = 2147483647;
			files = (
			);
			runOnlyForDeploymentPostprocessing = 0;
		};
		E49CD59C2AECFFEA006486FF /* Resources */ = {
			isa = PBXResourcesBuildPhase;
			buildActionMask = 2147483647;
			files = (
			);
			runOnlyForDeploymentPostprocessing = 0;
		};
/* End PBXResourcesBuildPhase section */

/* Begin PBXSourcesBuildPhase section */
		E49CD57A2AECFFE9006486FF /* Sources */ = {
			isa = PBXSourcesBuildPhase;
			buildActionMask = 2147483647;
			files = (
				E49CD5B52AED02EF006486FF /* User.swift in Sources */,
				E49CD5BA2AED1954006486FF /* UserViewModel.swift in Sources */,
				E49CD5862AECFFE9006486FF /* ViewController.swift in Sources */,
				E49CD5BC2AED1BF7006486FF /* UserViewModelOutput.swift in Sources */,
				E49CD5B72AED0390006486FF /* APIManager.swift in Sources */,
				E49CD5822AECFFE9006486FF /* AppDelegate.swift in Sources */,
				E49CD5842AECFFE9006486FF /* SceneDelegate.swift in Sources */,
			);
			runOnlyForDeploymentPostprocessing = 0;
		};
		E49CD5902AECFFEA006486FF /* Sources */ = {
			isa = PBXSourcesBuildPhase;
			buildActionMask = 2147483647;
			files = (
				E49CD5992AECFFEA006486FF /* ProtocolOrientedProjectTests.swift in Sources */,
			);
			runOnlyForDeploymentPostprocessing = 0;
		};
		E49CD59A2AECFFEA006486FF /* Sources */ = {
			isa = PBXSourcesBuildPhase;
			buildActionMask = 2147483647;
			files = (
				E49CD5A52AECFFEA006486FF /* ProtocolOrientedProjectUITestsLaunchTests.swift in Sources */,
				E49CD5A32AECFFEA006486FF /* ProtocolOrientedProjectUITests.swift in Sources */,
			);
			runOnlyForDeploymentPostprocessing = 0;
		};
/* End PBXSourcesBuildPhase section */

/* Begin PBXTargetDependency section */
		E49CD5962AECFFEA006486FF /* PBXTargetDependency */ = {
			isa = PBXTargetDependency;
			target = E49CD57D2AECFFE9006486FF /* ProtocolOrientedProject */;
			targetProxy = E49CD5952AECFFEA006486FF /* PBXContainerItemProxy */;
		};
		E49CD5A02AECFFEA006486FF /* PBXTargetDependency */ = {
			isa = PBXTargetDependency;
			target = E49CD57D2AECFFE9006486FF /* ProtocolOrientedProject */;
			targetProxy = E49CD59F2AECFFEA006486FF /* PBXContainerItemProxy */;
		};
/* End PBXTargetDependency section */

/* Begin PBXVariantGroup section */
		E49CD58C2AECFFEA006486FF /* LaunchScreen.storyboard */ = {
			isa = PBXVariantGroup;
			children = (
				E49CD58D2AECFFEA006486FF /* Base */,
			);
			name = LaunchScreen.storyboard;
			sourceTree = "<group>";
		};
/* End PBXVariantGroup section */

/* Begin XCBuildConfiguration section */
		E49CD5A62AECFFEA006486FF /* Debug */ = {
			isa = XCBuildConfiguration;
			buildSettings = {
				ALWAYS_SEARCH_USER_PATHS = NO;
				CLANG_ANALYZER_NONNULL = YES;
				CLANG_ANALYZER_NUMBER_OBJECT_CONVERSION = YES_AGGRESSIVE;
				CLANG_CXX_LANGUAGE_STANDARD = "gnu++20";
				CLANG_ENABLE_MODULES = YES;
				CLANG_ENABLE_OBJC_ARC = YES;
				CLANG_ENABLE_OBJC_WEAK = YES;
				CLANG_WARN_BLOCK_CAPTURE_AUTORELEASING = YES;
				CLANG_WARN_BOOL_CONVERSION = YES;
				CLANG_WARN_COMMA = YES;
				CLANG_WARN_CONSTANT_CONVERSION = YES;
				CLANG_WARN_DEPRECATED_OBJC_IMPLEMENTATIONS = YES;
				CLANG_WARN_DIRECT_OBJC_ISA_USAGE = YES_ERROR;
				CLANG_WARN_DOCUMENTATION_COMMENTS = YES;
				CLANG_WARN_EMPTY_BODY = YES;
				CLANG_WARN_ENUM_CONVERSION = YES;
				CLANG_WARN_INFINITE_RECURSION = YES;
				CLANG_WARN_INT_CONVERSION = YES;
				CLANG_WARN_NON_LITERAL_NULL_CONVERSION = YES;
				CLANG_WARN_OBJC_IMPLICIT_RETAIN_SELF = YES;
				CLANG_WARN_OBJC_LITERAL_CONVERSION = YES;
				CLANG_WARN_OBJC_ROOT_CLASS = YES_ERROR;
				CLANG_WARN_QUOTED_INCLUDE_IN_FRAMEWORK_HEADER = YES;
				CLANG_WARN_RANGE_LOOP_ANALYSIS = YES;
				CLANG_WARN_STRICT_PROTOTYPES = YES;
				CLANG_WARN_SUSPICIOUS_MOVE = YES;
				CLANG_WARN_UNGUARDED_AVAILABILITY = YES_AGGRESSIVE;
				CLANG_WARN_UNREACHABLE_CODE = YES;
				CLANG_WARN__DUPLICATE_METHOD_MATCH = YES;
				COPY_PHASE_STRIP = NO;
				DEBUG_INFORMATION_FORMAT = dwarf;
				ENABLE_STRICT_OBJC_MSGSEND = YES;
				ENABLE_TESTABILITY = YES;
				GCC_C_LANGUAGE_STANDARD = gnu11;
				GCC_DYNAMIC_NO_PIC = NO;
				GCC_NO_COMMON_BLOCKS = YES;
				GCC_OPTIMIZATION_LEVEL = 0;
				GCC_PREPROCESSOR_DEFINITIONS = (
					"DEBUG=1",
					"$(inherited)",
				);
				GCC_WARN_64_TO_32_BIT_CONVERSION = YES;
				GCC_WARN_ABOUT_RETURN_TYPE = YES_ERROR;
				GCC_WARN_UNDECLARED_SELECTOR = YES;
				GCC_WARN_UNINITIALIZED_AUTOS = YES_AGGRESSIVE;
				GCC_WARN_UNUSED_FUNCTION = YES;
				GCC_WARN_UNUSED_VARIABLE = YES;
				IPHONEOS_DEPLOYMENT_TARGET = 16.4;
				MTL_ENABLE_DEBUG_INFO = INCLUDE_SOURCE;
				MTL_FAST_MATH = YES;
				ONLY_ACTIVE_ARCH = YES;
				SDKROOT = iphoneos;
				SWIFT_ACTIVE_COMPILATION_CONDITIONS = DEBUG;
				SWIFT_OPTIMIZATION_LEVEL = "-Onone";
			};
			name = Debug;
		};
		E49CD5A72AECFFEA006486FF /* Release */ = {
			isa = XCBuildConfiguration;
			buildSettings = {
				ALWAYS_SEARCH_USER_PATHS = NO;
				CLANG_ANALYZER_NONNULL = YES;
				CLANG_ANALYZER_NUMBER_OBJECT_CONVERSION = YES_AGGRESSIVE;
				CLANG_CXX_LANGUAGE_STANDARD = "gnu++20";
				CLANG_ENABLE_MODULES = YES;
				CLANG_ENABLE_OBJC_ARC = YES;
				CLANG_ENABLE_OBJC_WEAK = YES;
				CLANG_WARN_BLOCK_CAPTURE_AUTORELEASING = YES;
				CLANG_WARN_BOOL_CONVERSION = YES;
				CLANG_WARN_COMMA = YES;
				CLANG_WARN_CONSTANT_CONVERSION = YES;
				CLANG_WARN_DEPRECATED_OBJC_IMPLEMENTATIONS = YES;
				CLANG_WARN_DIRECT_OBJC_ISA_USAGE = YES_ERROR;
				CLANG_WARN_DOCUMENTATION_COMMENTS = YES;
				CLANG_WARN_EMPTY_BODY = YES;
				CLANG_WARN_ENUM_CONVERSION = YES;
				CLANG_WARN_INFINITE_RECURSION = YES;
				CLANG_WARN_INT_CONVERSION = YES;
				CLANG_WARN_NON_LITERAL_NULL_CONVERSION = YES;
				CLANG_WARN_OBJC_IMPLICIT_RETAIN_SELF = YES;
				CLANG_WARN_OBJC_LITERAL_CONVERSION = YES;
				CLANG_WARN_OBJC_ROOT_CLASS = YES_ERROR;
				CLANG_WARN_QUOTED_INCLUDE_IN_FRAMEWORK_HEADER = YES;
				CLANG_WARN_RANGE_LOOP_ANALYSIS = YES;
				CLANG_WARN_STRICT_PROTOTYPES = YES;
				CLANG_WARN_SUSPICIOUS_MOVE = YES;
				CLANG_WARN_UNGUARDED_AVAILABILITY = YES_AGGRESSIVE;
				CLANG_WARN_UNREACHABLE_CODE = YES;
				CLANG_WARN__DUPLICATE_METHOD_MATCH = YES;
				COPY_PHASE_STRIP = NO;
				DEBUG_INFORMATION_FORMAT = "dwarf-with-dsym";
				ENABLE_NS_ASSERTIONS = NO;
				ENABLE_STRICT_OBJC_MSGSEND = YES;
				GCC_C_LANGUAGE_STANDARD = gnu11;
				GCC_NO_COMMON_BLOCKS = YES;
				GCC_WARN_64_TO_32_BIT_CONVERSION = YES;
				GCC_WARN_ABOUT_RETURN_TYPE = YES_ERROR;
				GCC_WARN_UNDECLARED_SELECTOR = YES;
				GCC_WARN_UNINITIALIZED_AUTOS = YES_AGGRESSIVE;
				GCC_WARN_UNUSED_FUNCTION = YES;
				GCC_WARN_UNUSED_VARIABLE = YES;
				IPHONEOS_DEPLOYMENT_TARGET = 16.4;
				MTL_ENABLE_DEBUG_INFO = NO;
				MTL_FAST_MATH = YES;
				SDKROOT = iphoneos;
				SWIFT_COMPILATION_MODE = wholemodule;
				SWIFT_OPTIMIZATION_LEVEL = "-O";
				VALIDATE_PRODUCT = YES;
			};
			name = Release;
		};
		E49CD5A92AECFFEA006486FF /* Debug */ = {
			isa = XCBuildConfiguration;
			buildSettings = {
				ASSETCATALOG_COMPILER_APPICON_NAME = AppIcon;
				ASSETCATALOG_COMPILER_GLOBAL_ACCENT_COLOR_NAME = AccentColor;
				CODE_SIGN_STYLE = Automatic;
				CURRENT_PROJECT_VERSION = 1;
				DEVELOPMENT_TEAM = 338U6KBSVH;
				GENERATE_INFOPLIST_FILE = YES;
				INFOPLIST_FILE = ProtocolOrientedProject/Info.plist;
				INFOPLIST_KEY_UIApplicationSupportsIndirectInputEvents = YES;
				INFOPLIST_KEY_UILaunchStoryboardName = LaunchScreen;
				INFOPLIST_KEY_UISupportedInterfaceOrientations_iPad = "UIInterfaceOrientationPortrait UIInterfaceOrientationPortraitUpsideDown UIInterfaceOrientationLandscapeLeft UIInterfaceOrientationLandscapeRight";
				INFOPLIST_KEY_UISupportedInterfaceOrientations_iPhone = "UIInterfaceOrientationPortrait UIInterfaceOrientationLandscapeLeft UIInterfaceOrientationLandscapeRight";
				LD_RUNPATH_SEARCH_PATHS = (
					"$(inherited)",
					"@executable_path/Frameworks",
				);
				MARKETING_VERSION = 1.0;
				PRODUCT_BUNDLE_IDENTIFIER = com.sulekaptan.ProtocolOrientedProject;
				PRODUCT_NAME = "$(TARGET_NAME)";
				SWIFT_EMIT_LOC_STRINGS = YES;
				SWIFT_VERSION = 5.0;
				TARGETED_DEVICE_FAMILY = "1,2";
			};
			name = Debug;
		};
		E49CD5AA2AECFFEA006486FF /* Release */ = {
			isa = XCBuildConfiguration;
			buildSettings = {
				ASSETCATALOG_COMPILER_APPICON_NAME = AppIcon;
				ASSETCATALOG_COMPILER_GLOBAL_ACCENT_COLOR_NAME = AccentColor;
				CODE_SIGN_STYLE = Automatic;
				CURRENT_PROJECT_VERSION = 1;
				DEVELOPMENT_TEAM = 338U6KBSVH;
				GENERATE_INFOPLIST_FILE = YES;
				INFOPLIST_FILE = ProtocolOrientedProject/Info.plist;
				INFOPLIST_KEY_UIApplicationSupportsIndirectInputEvents = YES;
				INFOPLIST_KEY_UILaunchStoryboardName = LaunchScreen;
				INFOPLIST_KEY_UISupportedInterfaceOrientations_iPad = "UIInterfaceOrientationPortrait UIInterfaceOrientationPortraitUpsideDown UIInterfaceOrientationLandscapeLeft UIInterfaceOrientationLandscapeRight";
				INFOPLIST_KEY_UISupportedInterfaceOrientations_iPhone = "UIInterfaceOrientationPortrait UIInterfaceOrientationLandscapeLeft UIInterfaceOrientationLandscapeRight";
				LD_RUNPATH_SEARCH_PATHS = (
					"$(inherited)",
					"@executable_path/Frameworks",
				);
				MARKETING_VERSION = 1.0;
				PRODUCT_BUNDLE_IDENTIFIER = com.sulekaptan.ProtocolOrientedProject;
				PRODUCT_NAME = "$(TARGET_NAME)";
				SWIFT_EMIT_LOC_STRINGS = YES;
				SWIFT_VERSION = 5.0;
				TARGETED_DEVICE_FAMILY = "1,2";
			};
			name = Release;
		};
		E49CD5AC2AECFFEA006486FF /* Debug */ = {
			isa = XCBuildConfiguration;
			buildSettings = {
				ALWAYS_EMBED_SWIFT_STANDARD_LIBRARIES = YES;
				BUNDLE_LOADER = "$(TEST_HOST)";
				CODE_SIGN_STYLE = Automatic;
				CURRENT_PROJECT_VERSION = 1;
				DEVELOPMENT_TEAM = 338U6KBSVH;
				GENERATE_INFOPLIST_FILE = YES;
				IPHONEOS_DEPLOYMENT_TARGET = 16.4;
				MARKETING_VERSION = 1.0;
				PRODUCT_BUNDLE_IDENTIFIER = com.sulekaptan.ProtocolOrientedProjectTests;
				PRODUCT_NAME = "$(TARGET_NAME)";
				SWIFT_EMIT_LOC_STRINGS = NO;
				SWIFT_VERSION = 5.0;
				TARGETED_DEVICE_FAMILY = "1,2";
				TEST_HOST = "$(BUILT_PRODUCTS_DIR)/ProtocolOrientedProject.app/$(BUNDLE_EXECUTABLE_FOLDER_PATH)/ProtocolOrientedProject";
			};
			name = Debug;
		};
		E49CD5AD2AECFFEA006486FF /* Release */ = {
			isa = XCBuildConfiguration;
			buildSettings = {
				ALWAYS_EMBED_SWIFT_STANDARD_LIBRARIES = YES;
				BUNDLE_LOADER = "$(TEST_HOST)";
				CODE_SIGN_STYLE = Automatic;
				CURRENT_PROJECT_VERSION = 1;
				DEVELOPMENT_TEAM = 338U6KBSVH;
				GENERATE_INFOPLIST_FILE = YES;
				IPHONEOS_DEPLOYMENT_TARGET = 16.4;
				MARKETING_VERSION = 1.0;
				PRODUCT_BUNDLE_IDENTIFIER = com.sulekaptan.ProtocolOrientedProjectTests;
				PRODUCT_NAME = "$(TARGET_NAME)";
				SWIFT_EMIT_LOC_STRINGS = NO;
				SWIFT_VERSION = 5.0;
				TARGETED_DEVICE_FAMILY = "1,2";
				TEST_HOST = "$(BUILT_PRODUCTS_DIR)/ProtocolOrientedProject.app/$(BUNDLE_EXECUTABLE_FOLDER_PATH)/ProtocolOrientedProject";
			};
			name = Release;
		};
		E49CD5AF2AECFFEA006486FF /* Debug */ = {
			isa = XCBuildConfiguration;
			buildSettings = {
				ALWAYS_EMBED_SWIFT_STANDARD_LIBRARIES = YES;
				CODE_SIGN_STYLE = Automatic;
				CURRENT_PROJECT_VERSION = 1;
				DEVELOPMENT_TEAM = 338U6KBSVH;
				GENERATE_INFOPLIST_FILE = YES;
				MARKETING_VERSION = 1.0;
				PRODUCT_BUNDLE_IDENTIFIER = com.sulekaptan.ProtocolOrientedProjectUITests;
				PRODUCT_NAME = "$(TARGET_NAME)";
				SWIFT_EMIT_LOC_STRINGS = NO;
				SWIFT_VERSION = 5.0;
				TARGETED_DEVICE_FAMILY = "1,2";
				TEST_TARGET_NAME = ProtocolOrientedProject;
			};
			name = Debug;
		};
		E49CD5B02AECFFEA006486FF /* Release */ = {
			isa = XCBuildConfiguration;
			buildSettings = {
				ALWAYS_EMBED_SWIFT_STANDARD_LIBRARIES = YES;
				CODE_SIGN_STYLE = Automatic;
				CURRENT_PROJECT_VERSION = 1;
				DEVELOPMENT_TEAM = 338U6KBSVH;
				GENERATE_INFOPLIST_FILE = YES;
				MARKETING_VERSION = 1.0;
				PRODUCT_BUNDLE_IDENTIFIER = com.sulekaptan.ProtocolOrientedProjectUITests;
				PRODUCT_NAME = "$(TARGET_NAME)";
				SWIFT_EMIT_LOC_STRINGS = NO;
				SWIFT_VERSION = 5.0;
				TARGETED_DEVICE_FAMILY = "1,2";
				TEST_TARGET_NAME = ProtocolOrientedProject;
			};
			name = Release;
		};
/* End XCBuildConfiguration section */

/* Begin XCConfigurationList section */
		E49CD5792AECFFE9006486FF /* Build configuration list for PBXProject "ProtocolOrientedProject" */ = {
			isa = XCConfigurationList;
			buildConfigurations = (
				E49CD5A62AECFFEA006486FF /* Debug */,
				E49CD5A72AECFFEA006486FF /* Release */,
			);
			defaultConfigurationIsVisible = 0;
			defaultConfigurationName = Release;
		};
		E49CD5A82AECFFEA006486FF /* Build configuration list for PBXNativeTarget "ProtocolOrientedProject" */ = {
			isa = XCConfigurationList;
			buildConfigurations = (
				E49CD5A92AECFFEA006486FF /* Debug */,
				E49CD5AA2AECFFEA006486FF /* Release */,
			);
			defaultConfigurationIsVisible = 0;
			defaultConfigurationName = Release;
		};
		E49CD5AB2AECFFEA006486FF /* Build configuration list for PBXNativeTarget "ProtocolOrientedProjectTests" */ = {
			isa = XCConfigurationList;
			buildConfigurations = (
				E49CD5AC2AECFFEA006486FF /* Debug */,
				E49CD5AD2AECFFEA006486FF /* Release */,
			);
			defaultConfigurationIsVisible = 0;
			defaultConfigurationName = Release;
		};
		E49CD5AE2AECFFEA006486FF /* Build configuration list for PBXNativeTarget "ProtocolOrientedProjectUITests" */ = {
			isa = XCConfigurationList;
			buildConfigurations = (
				E49CD5AF2AECFFEA006486FF /* Debug */,
				E49CD5B02AECFFEA006486FF /* Release */,
			);
			defaultConfigurationIsVisible = 0;
			defaultConfigurationName = Release;
		};
/* End XCConfigurationList section */
	};
	rootObject = E49CD5762AECFFE9006486FF /* Project object */;
}
