// !$*UTF8*$!
{
	archiveVersion = 1;
	classes = {
	};
	objectVersion = 56;
	objects = {

/* Begin PBXBuildFile section */
		E4A7BF862AE3CA5B006E1DBD /* AppDelegate.swift in Sources */ = {isa = PBXBuildFile; fileRef = E4A7BF852AE3CA5B006E1DBD /* AppDelegate.swift */; };
		E4A7BF882AE3CA5B006E1DBD /* SceneDelegate.swift in Sources */ = {isa = PBXBuildFile; fileRef = E4A7BF872AE3CA5B006E1DBD /* SceneDelegate.swift */; };
		E4A7BF8A2AE3CA5B006E1DBD /* ViewController.swift in Sources */ = {isa = PBXBuildFile; fileRef = E4A7BF892AE3CA5B006E1DBD /* ViewController.swift */; };
		E4A7BF8D2AE3CA5B006E1DBD /* Main.storyboard in Resources */ = {isa = PBXBuildFile; fileRef = E4A7BF8B2AE3CA5B006E1DBD /* Main.storyboard */; };
		E4A7BF8F2AE3CA5C006E1DBD /* Assets.xcassets in Resources */ = {isa = PBXBuildFile; fileRef = E4A7BF8E2AE3CA5C006E1DBD /* Assets.xcassets */; };
		E4A7BF922AE3CA5C006E1DBD /* LaunchScreen.storyboard in Resources */ = {isa = PBXBuildFile; fileRef = E4A7BF902AE3CA5C006E1DBD /* LaunchScreen.storyboard */; };
		E4A7BF9D2AE3CAA9006E1DBD /* Crypto.swift in Sources */ = {isa = PBXBuildFile; fileRef = E4A7BF9C2AE3CAA9006E1DBD /* Crypto.swift */; };
		E4A7BFA02AE3DECB006E1DBD /* WebService.swift in Sources */ = {isa = PBXBuildFile; fileRef = E4A7BF9F2AE3DECB006E1DBD /* WebService.swift */; };
		E4A7BFA22AE3E5D3006E1DBD /* CryptoViewModel.swift in Sources */ = {isa = PBXBuildFile; fileRef = E4A7BFA12AE3E5D3006E1DBD /* CryptoViewModel.swift */; };
		E4A7BFA52AE3E7EC006E1DBD /* RxCocoa in Frameworks */ = {isa = PBXBuildFile; productRef = E4A7BFA42AE3E7EC006E1DBD /* RxCocoa */; };
		E4A7BFA72AE3E7EC006E1DBD /* RxSwift in Frameworks */ = {isa = PBXBuildFile; productRef = E4A7BFA62AE3E7EC006E1DBD /* RxSwift */; };
		E4A7BFAA2AE3F66B006E1DBD /* CryptoTableViewCell.swift in Sources */ = {isa = PBXBuildFile; fileRef = E4A7BFA92AE3F66B006E1DBD /* CryptoTableViewCell.swift */; };
/* End PBXBuildFile section */

/* Begin PBXFileReference section */
		E4A7BF822AE3CA5B006E1DBD /* KriptoParaUygulamasi.app */ = {isa = PBXFileReference; explicitFileType = wrapper.application; includeInIndex = 0; path = KriptoParaUygulamasi.app; sourceTree = BUILT_PRODUCTS_DIR; };
		E4A7BF852AE3CA5B006E1DBD /* AppDelegate.swift */ = {isa = PBXFileReference; lastKnownFileType = sourcecode.swift; path = AppDelegate.swift; sourceTree = "<group>"; };
		E4A7BF872AE3CA5B006E1DBD /* SceneDelegate.swift */ = {isa = PBXFileReference; lastKnownFileType = sourcecode.swift; path = SceneDelegate.swift; sourceTree = "<group>"; };
		E4A7BF892AE3CA5B006E1DBD /* ViewController.swift */ = {isa = PBXFileReference; lastKnownFileType = sourcecode.swift; path = ViewController.swift; sourceTree = "<group>"; };
		E4A7BF8C2AE3CA5B006E1DBD /* Base */ = {isa = PBXFileReference; lastKnownFileType = file.storyboard; name = Base; path = Base.lproj/Main.storyboard; sourceTree = "<group>"; };
		E4A7BF8E2AE3CA5C006E1DBD /* Assets.xcassets */ = {isa = PBXFileReference; lastKnownFileType = folder.assetcatalog; path = Assets.xcassets; sourceTree = "<group>"; };
		E4A7BF912AE3CA5C006E1DBD /* Base */ = {isa = PBXFileReference; lastKnownFileType = file.storyboard; name = Base; path = Base.lproj/LaunchScreen.storyboard; sourceTree = "<group>"; };
		E4A7BF932AE3CA5C006E1DBD /* Info.plist */ = {isa = PBXFileReference; lastKnownFileType = text.plist.xml; path = Info.plist; sourceTree = "<group>"; };
		E4A7BF9C2AE3CAA9006E1DBD /* Crypto.swift */ = {isa = PBXFileReference; lastKnownFileType = sourcecode.swift; path = Crypto.swift; sourceTree = "<group>"; };
		E4A7BF9F2AE3DECB006E1DBD /* WebService.swift */ = {isa = PBXFileReference; lastKnownFileType = sourcecode.swift; path = WebService.swift; sourceTree = "<group>"; };
		E4A7BFA12AE3E5D3006E1DBD /* CryptoViewModel.swift */ = {isa = PBXFileReference; lastKnownFileType = sourcecode.swift; path = CryptoViewModel.swift; sourceTree = "<group>"; };
		E4A7BFA92AE3F66B006E1DBD /* CryptoTableViewCell.swift */ = {isa = PBXFileReference; lastKnownFileType = sourcecode.swift; path = CryptoTableViewCell.swift; sourceTree = "<group>"; };
/* End PBXFileReference section */

/* Begin PBXFrameworksBuildPhase section */
		E4A7BF7F2AE3CA5B006E1DBD /* Frameworks */ = {
			isa = PBXFrameworksBuildPhase;
			buildActionMask = 2147483647;
			files = (
				E4A7BFA72AE3E7EC006E1DBD /* RxSwift in Frameworks */,
				E4A7BFA52AE3E7EC006E1DBD /* RxCocoa in Frameworks */,
			);
			runOnlyForDeploymentPostprocessing = 0;
		};
/* End PBXFrameworksBuildPhase section */

/* Begin PBXGroup section */
		E4A7BF792AE3CA5B006E1DBD = {
			isa = PBXGroup;
			children = (
				E4A7BF842AE3CA5B006E1DBD /* KriptoParaUygulamasi */,
				E4A7BF832AE3CA5B006E1DBD /* Products */,
			);
			sourceTree = "<group>";
		};
		E4A7BF832AE3CA5B006E1DBD /* Products */ = {
			isa = PBXGroup;
			children = (
				E4A7BF822AE3CA5B006E1DBD /* KriptoParaUygulamasi.app */,
			);
			name = Products;
			sourceTree = "<group>";
		};
		E4A7BF842AE3CA5B006E1DBD /* KriptoParaUygulamasi */ = {
			isa = PBXGroup;
			children = (
				E4A7BFA82AE3F649006E1DBD /* Cells */,
				E4A7BF9E2AE3DEAC006E1DBD /* Service */,
				E4A7BF9B2AE3CA8B006E1DBD /* ViewModel */,
				E4A7BF9A2AE3CA7A006E1DBD /* Model */,
				E4A7BF992AE3CA6E006E1DBD /* View */,
				E4A7BF852AE3CA5B006E1DBD /* AppDelegate.swift */,
				E4A7BF872AE3CA5B006E1DBD /* SceneDelegate.swift */,
				E4A7BF8B2AE3CA5B006E1DBD /* Main.storyboard */,
				E4A7BF8E2AE3CA5C006E1DBD /* Assets.xcassets */,
				E4A7BF902AE3CA5C006E1DBD /* LaunchScreen.storyboard */,
				E4A7BF932AE3CA5C006E1DBD /* Info.plist */,
			);
			path = KriptoParaUygulamasi;
			sourceTree = "<group>";
		};
		E4A7BF992AE3CA6E006E1DBD /* View */ = {
			isa = PBXGroup;
			children = (
				E4A7BF892AE3CA5B006E1DBD /* ViewController.swift */,
			);
			path = View;
			sourceTree = "<group>";
		};
		E4A7BF9A2AE3CA7A006E1DBD /* Model */ = {
			isa = PBXGroup;
			children = (
				E4A7BF9C2AE3CAA9006E1DBD /* Crypto.swift */,
			);
			path = Model;
			sourceTree = "<group>";
		};
		E4A7BF9B2AE3CA8B006E1DBD /* ViewModel */ = {
			isa = PBXGroup;
			children = (
				E4A7BFA12AE3E5D3006E1DBD /* CryptoViewModel.swift */,
			);
			path = ViewModel;
			sourceTree = "<group>";
		};
		E4A7BF9E2AE3DEAC006E1DBD /* Service */ = {
			isa = PBXGroup;
			children = (
				E4A7BF9F2AE3DECB006E1DBD /* WebService.swift */,
			);
			path = Service;
			sourceTree = "<group>";
		};
		E4A7BFA82AE3F649006E1DBD /* Cells */ = {
			isa = PBXGroup;
			children = (
				E4A7BFA92AE3F66B006E1DBD /* CryptoTableViewCell.swift */,
			);
			path = Cells;
			sourceTree = "<group>";
		};
/* End PBXGroup section */

/* Begin PBXNativeTarget section */
		E4A7BF812AE3CA5B006E1DBD /* KriptoParaUygulamasi */ = {
			isa = PBXNativeTarget;
			buildConfigurationList = E4A7BF962AE3CA5C006E1DBD /* Build configuration list for PBXNativeTarget "KriptoParaUygulamasi" */;
			buildPhases = (
				E4A7BF7E2AE3CA5B006E1DBD /* Sources */,
				E4A7BF7F2AE3CA5B006E1DBD /* Frameworks */,
				E4A7BF802AE3CA5B006E1DBD /* Resources */,
			);
			buildRules = (
			);
			dependencies = (
			);
			name = KriptoParaUygulamasi;
			packageProductDependencies = (
				E4A7BFA42AE3E7EC006E1DBD /* RxCocoa */,
				E4A7BFA62AE3E7EC006E1DBD /* RxSwift */,
			);
			productName = KriptoParaUygulamasi;
			productReference = E4A7BF822AE3CA5B006E1DBD /* KriptoParaUygulamasi.app */;
			productType = "com.apple.product-type.application";
		};
/* End PBXNativeTarget section */

/* Begin PBXProject section */
		E4A7BF7A2AE3CA5B006E1DBD /* Project object */ = {
			isa = PBXProject;
			attributes = {
				BuildIndependentTargetsInParallel = 1;
				LastSwiftUpdateCheck = 1430;
				LastUpgradeCheck = 1430;
				TargetAttributes = {
					E4A7BF812AE3CA5B006E1DBD = {
						CreatedOnToolsVersion = 14.3.1;
					};
				};
			};
			buildConfigurationList = E4A7BF7D2AE3CA5B006E1DBD /* Build configuration list for PBXProject "KriptoParaUygulamasi" */;
			compatibilityVersion = "Xcode 14.0";
			developmentRegion = en;
			hasScannedForEncodings = 0;
			knownRegions = (
				en,
				Base,
			);
			mainGroup = E4A7BF792AE3CA5B006E1DBD;
			packageReferences = (
				E4A7BFA32AE3E7EC006E1DBD /* XCRemoteSwiftPackageReference "RxSwift" */,
			);
			productRefGroup = E4A7BF832AE3CA5B006E1DBD /* Products */;
			projectDirPath = "";
			projectRoot = "";
			targets = (
				E4A7BF812AE3CA5B006E1DBD /* KriptoParaUygulamasi */,
			);
		};
/* End PBXProject section */

/* Begin PBXResourcesBuildPhase section */
		E4A7BF802AE3CA5B006E1DBD /* Resources */ = {
			isa = PBXResourcesBuildPhase;
			buildActionMask = 2147483647;
			files = (
				E4A7BF922AE3CA5C006E1DBD /* LaunchScreen.storyboard in Resources */,
				E4A7BF8F2AE3CA5C006E1DBD /* Assets.xcassets in Resources */,
				E4A7BF8D2AE3CA5B006E1DBD /* Main.storyboard in Resources */,
			);
			runOnlyForDeploymentPostprocessing = 0;
		};
/* End PBXResourcesBuildPhase section */

/* Begin PBXSourcesBuildPhase section */
		E4A7BF7E2AE3CA5B006E1DBD /* Sources */ = {
			isa = PBXSourcesBuildPhase;
			buildActionMask = 2147483647;
			files = (
				E4A7BF9D2AE3CAA9006E1DBD /* Crypto.swift in Sources */,
				E4A7BF8A2AE3CA5B006E1DBD /* ViewController.swift in Sources */,
				E4A7BF862AE3CA5B006E1DBD /* AppDelegate.swift in Sources */,
				E4A7BFA02AE3DECB006E1DBD /* WebService.swift in Sources */,
				E4A7BF882AE3CA5B006E1DBD /* SceneDelegate.swift in Sources */,
				E4A7BFA22AE3E5D3006E1DBD /* CryptoViewModel.swift in Sources */,
				E4A7BFAA2AE3F66B006E1DBD /* CryptoTableViewCell.swift in Sources */,
			);
			runOnlyForDeploymentPostprocessing = 0;
		};
/* End PBXSourcesBuildPhase section */

/* Begin PBXVariantGroup section */
		E4A7BF8B2AE3CA5B006E1DBD /* Main.storyboard */ = {
			isa = PBXVariantGroup;
			children = (
				E4A7BF8C2AE3CA5B006E1DBD /* Base */,
			);
			name = Main.storyboard;
			sourceTree = "<group>";
		};
		E4A7BF902AE3CA5C006E1DBD /* LaunchScreen.storyboard */ = {
			isa = PBXVariantGroup;
			children = (
				E4A7BF912AE3CA5C006E1DBD /* Base */,
			);
			name = LaunchScreen.storyboard;
			sourceTree = "<group>";
		};
/* End PBXVariantGroup section */

/* Begin XCBuildConfiguration section */
		E4A7BF942AE3CA5C006E1DBD /* Debug */ = {
			isa = XCBuildConfiguration;
			buildSettings = {
				ALWAYS_SEARCH_USER_PATHS = NO;
				CLANG_ANALYZER_NONNULL = YES;
				CLANG_ANALYZER_NUMBER_OBJECT_CONVERSION = YES_AGGRESSIVE;
				CLANG_CXX_LANGUAGE_STANDARD = "gnu++20";
				CLANG_ENABLE_MODULES = YES;
				CLANG_ENABLE_OBJC_ARC = YES;
				CLANG_ENABLE_OBJC_WEAK = YES;
				CLANG_WARN_BLOCK_CAPTURE_AUTORELEASING = YES;
				CLANG_WARN_BOOL_CONVERSION = YES;
				CLANG_WARN_COMMA = YES;
				CLANG_WARN_CONSTANT_CONVERSION = YES;
				CLANG_WARN_DEPRECATED_OBJC_IMPLEMENTATIONS = YES;
				CLANG_WARN_DIRECT_OBJC_ISA_USAGE = YES_ERROR;
				CLANG_WARN_DOCUMENTATION_COMMENTS = YES;
				CLANG_WARN_EMPTY_BODY = YES;
				CLANG_WARN_ENUM_CONVERSION = YES;
				CLANG_WARN_INFINITE_RECURSION = YES;
				CLANG_WARN_INT_CONVERSION = YES;
				CLANG_WARN_NON_LITERAL_NULL_CONVERSION = YES;
				CLANG_WARN_OBJC_IMPLICIT_RETAIN_SELF = YES;
				CLANG_WARN_OBJC_LITERAL_CONVERSION = YES;
				CLANG_WARN_OBJC_ROOT_CLASS = YES_ERROR;
				CLANG_WARN_QUOTED_INCLUDE_IN_FRAMEWORK_HEADER = YES;
				CLANG_WARN_RANGE_LOOP_ANALYSIS = YES;
				CLANG_WARN_STRICT_PROTOTYPES = YES;
				CLANG_WARN_SUSPICIOUS_MOVE = YES;
				CLANG_WARN_UNGUARDED_AVAILABILITY = YES_AGGRESSIVE;
				CLANG_WARN_UNREACHABLE_CODE = YES;
				CLANG_WARN__DUPLICATE_METHOD_MATCH = YES;
				COPY_PHASE_STRIP = NO;
				DEBUG_INFORMATION_FORMAT = dwarf;
				ENABLE_STRICT_OBJC_MSGSEND = YES;
				ENABLE_TESTABILITY = YES;
				GCC_C_LANGUAGE_STANDARD = gnu11;
				GCC_DYNAMIC_NO_PIC = NO;
				GCC_NO_COMMON_BLOCKS = YES;
				GCC_OPTIMIZATION_LEVEL = 0;
				GCC_PREPROCESSOR_DEFINITIONS = (
					"DEBUG=1",
					"$(inherited)",
				);
				GCC_WARN_64_TO_32_BIT_CONVERSION = YES;
				GCC_WARN_ABOUT_RETURN_TYPE = YES_ERROR;
				GCC_WARN_UNDECLARED_SELECTOR = YES;
				GCC_WARN_UNINITIALIZED_AUTOS = YES_AGGRESSIVE;
				GCC_WARN_UNUSED_FUNCTION = YES;
				GCC_WARN_UNUSED_VARIABLE = YES;
				IPHONEOS_DEPLOYMENT_TARGET = 16.4;
				MTL_ENABLE_DEBUG_INFO = INCLUDE_SOURCE;
				MTL_FAST_MATH = YES;
				ONLY_ACTIVE_ARCH = YES;
				SDKROOT = iphoneos;
				SWIFT_ACTIVE_COMPILATION_CONDITIONS = DEBUG;
				SWIFT_OPTIMIZATION_LEVEL = "-Onone";
			};
			name = Debug;
		};
		E4A7BF952AE3CA5C006E1DBD /* Release */ = {
			isa = XCBuildConfiguration;
			buildSettings = {
				ALWAYS_SEARCH_USER_PATHS = NO;
				CLANG_ANALYZER_NONNULL = YES;
				CLANG_ANALYZER_NUMBER_OBJECT_CONVERSION = YES_AGGRESSIVE;
				CLANG_CXX_LANGUAGE_STANDARD = "gnu++20";
				CLANG_ENABLE_MODULES = YES;
				CLANG_ENABLE_OBJC_ARC = YES;
				CLANG_ENABLE_OBJC_WEAK = YES;
				CLANG_WARN_BLOCK_CAPTURE_AUTORELEASING = YES;
				CLANG_WARN_BOOL_CONVERSION = YES;
				CLANG_WARN_COMMA = YES;
				CLANG_WARN_CONSTANT_CONVERSION = YES;
				CLANG_WARN_DEPRECATED_OBJC_IMPLEMENTATIONS = YES;
				CLANG_WARN_DIRECT_OBJC_ISA_USAGE = YES_ERROR;
				CLANG_WARN_DOCUMENTATION_COMMENTS = YES;
				CLANG_WARN_EMPTY_BODY = YES;
				CLANG_WARN_ENUM_CONVERSION = YES;
				CLANG_WARN_INFINITE_RECURSION = YES;
				CLANG_WARN_INT_CONVERSION = YES;
				CLANG_WARN_NON_LITERAL_NULL_CONVERSION = YES;
				CLANG_WARN_OBJC_IMPLICIT_RETAIN_SELF = YES;
				CLANG_WARN_OBJC_LITERAL_CONVERSION = YES;
				CLANG_WARN_OBJC_ROOT_CLASS = YES_ERROR;
				CLANG_WARN_QUOTED_INCLUDE_IN_FRAMEWORK_HEADER = YES;
				CLANG_WARN_RANGE_LOOP_ANALYSIS = YES;
				CLANG_WARN_STRICT_PROTOTYPES = YES;
				CLANG_WARN_SUSPICIOUS_MOVE = YES;
				CLANG_WARN_UNGUARDED_AVAILABILITY = YES_AGGRESSIVE;
				CLANG_WARN_UNREACHABLE_CODE = YES;
				CLANG_WARN__DUPLICATE_METHOD_MATCH = YES;
				COPY_PHASE_STRIP = NO;
				DEBUG_INFORMATION_FORMAT = "dwarf-with-dsym";
				ENABLE_NS_ASSERTIONS = NO;
				ENABLE_STRICT_OBJC_MSGSEND = YES;
				GCC_C_LANGUAGE_STANDARD = gnu11;
				GCC_NO_COMMON_BLOCKS = YES;
				GCC_WARN_64_TO_32_BIT_CONVERSION = YES;
				GCC_WARN_ABOUT_RETURN_TYPE = YES_ERROR;
				GCC_WARN_UNDECLARED_SELECTOR = YES;
				GCC_WARN_UNINITIALIZED_AUTOS = YES_AGGRESSIVE;
				GCC_WARN_UNUSED_FUNCTION = YES;
				GCC_WARN_UNUSED_VARIABLE = YES;
				IPHONEOS_DEPLOYMENT_TARGET = 16.4;
				MTL_ENABLE_DEBUG_INFO = NO;
				MTL_FAST_MATH = YES;
				SDKROOT = iphoneos;
				SWIFT_COMPILATION_MODE = wholemodule;
				SWIFT_OPTIMIZATION_LEVEL = "-O";
				VALIDATE_PRODUCT = YES;
			};
			name = Release;
		};
		E4A7BF972AE3CA5C006E1DBD /* Debug */ = {
			isa = XCBuildConfiguration;
			buildSettings = {
				ASSETCATALOG_COMPILER_APPICON_NAME = AppIcon;
				ASSETCATALOG_COMPILER_GLOBAL_ACCENT_COLOR_NAME = AccentColor;
				CODE_SIGN_STYLE = Automatic;
				CURRENT_PROJECT_VERSION = 1;
				DEVELOPMENT_TEAM = 338U6KBSVH;
				GENERATE_INFOPLIST_FILE = YES;
				INFOPLIST_FILE = KriptoParaUygulamasi/Info.plist;
				INFOPLIST_KEY_UIApplicationSupportsIndirectInputEvents = YES;
				INFOPLIST_KEY_UILaunchStoryboardName = LaunchScreen;
				INFOPLIST_KEY_UIMainStoryboardFile = Main;
				INFOPLIST_KEY_UISupportedInterfaceOrientations_iPad = "UIInterfaceOrientationPortrait UIInterfaceOrientationPortraitUpsideDown UIInterfaceOrientationLandscapeLeft UIInterfaceOrientationLandscapeRight";
				INFOPLIST_KEY_UISupportedInterfaceOrientations_iPhone = "UIInterfaceOrientationPortrait UIInterfaceOrientationLandscapeLeft UIInterfaceOrientationLandscapeRight";
				LD_RUNPATH_SEARCH_PATHS = (
					"$(inherited)",
					"@executable_path/Frameworks",
				);
				MARKETING_VERSION = 1.0;
				PRODUCT_BUNDLE_IDENTIFIER = com.sulekaptan.KriptoParaUygulamasi;
				PRODUCT_NAME = "$(TARGET_NAME)";
				SWIFT_EMIT_LOC_STRINGS = YES;
				SWIFT_VERSION = 5.0;
				TARGETED_DEVICE_FAMILY = "1,2";
			};
			name = Debug;
		};
		E4A7BF982AE3CA5C006E1DBD /* Release */ = {
			isa = XCBuildConfiguration;
			buildSettings = {
				ASSETCATALOG_COMPILER_APPICON_NAME = AppIcon;
				ASSETCATALOG_COMPILER_GLOBAL_ACCENT_COLOR_NAME = AccentColor;
				CODE_SIGN_STYLE = Automatic;
				CURRENT_PROJECT_VERSION = 1;
				DEVELOPMENT_TEAM = 338U6KBSVH;
				GENERATE_INFOPLIST_FILE = YES;
				INFOPLIST_FILE = KriptoParaUygulamasi/Info.plist;
				INFOPLIST_KEY_UIApplicationSupportsIndirectInputEvents = YES;
				INFOPLIST_KEY_UILaunchStoryboardName = LaunchScreen;
				INFOPLIST_KEY_UIMainStoryboardFile = Main;
				INFOPLIST_KEY_UISupportedInterfaceOrientations_iPad = "UIInterfaceOrientationPortrait UIInterfaceOrientationPortraitUpsideDown UIInterfaceOrientationLandscapeLeft UIInterfaceOrientationLandscapeRight";
				INFOPLIST_KEY_UISupportedInterfaceOrientations_iPhone = "UIInterfaceOrientationPortrait UIInterfaceOrientationLandscapeLeft UIInterfaceOrientationLandscapeRight";
				LD_RUNPATH_SEARCH_PATHS = (
					"$(inherited)",
					"@executable_path/Frameworks",
				);
				MARKETING_VERSION = 1.0;
				PRODUCT_BUNDLE_IDENTIFIER = com.sulekaptan.KriptoParaUygulamasi;
				PRODUCT_NAME = "$(TARGET_NAME)";
				SWIFT_EMIT_LOC_STRINGS = YES;
				SWIFT_VERSION = 5.0;
				TARGETED_DEVICE_FAMILY = "1,2";
			};
			name = Release;
		};
/* End XCBuildConfiguration section */

/* Begin XCConfigurationList section */
		E4A7BF7D2AE3CA5B006E1DBD /* Build configuration list for PBXProject "KriptoParaUygulamasi" */ = {
			isa = XCConfigurationList;
			buildConfigurations = (
				E4A7BF942AE3CA5C006E1DBD /* Debug */,
				E4A7BF952AE3CA5C006E1DBD /* Release */,
			);
			defaultConfigurationIsVisible = 0;
			defaultConfigurationName = Release;
		};
		E4A7BF962AE3CA5C006E1DBD /* Build configuration list for PBXNativeTarget "KriptoParaUygulamasi" */ = {
			isa = XCConfigurationList;
			buildConfigurations = (
				E4A7BF972AE3CA5C006E1DBD /* Debug */,
				E4A7BF982AE3CA5C006E1DBD /* Release */,
			);
			defaultConfigurationIsVisible = 0;
			defaultConfigurationName = Release;
		};
/* End XCConfigurationList section */

/* Begin XCRemoteSwiftPackageReference section */
		E4A7BFA32AE3E7EC006E1DBD /* XCRemoteSwiftPackageReference "RxSwift" */ = {
			isa = XCRemoteSwiftPackageReference;
			repositoryURL = "https://github.com/ReactiveX/RxSwift";
			requirement = {
				kind = upToNextMajorVersion;
				minimumVersion = 6.0.0;
			};
		};
/* End XCRemoteSwiftPackageReference section */

/* Begin XCSwiftPackageProductDependency section */
		E4A7BFA42AE3E7EC006E1DBD /* RxCocoa */ = {
			isa = XCSwiftPackageProductDependency;
			package = E4A7BFA32AE3E7EC006E1DBD /* XCRemoteSwiftPackageReference "RxSwift" */;
			productName = RxCocoa;
		};
		E4A7BFA62AE3E7EC006E1DBD /* RxSwift */ = {
			isa = XCSwiftPackageProductDependency;
			package = E4A7BFA32AE3E7EC006E1DBD /* XCRemoteSwiftPackageReference "RxSwift" */;
			productName = RxSwift;
		};
/* End XCSwiftPackageProductDependency section */
	};
	rootObject = E4A7BF7A2AE3CA5B006E1DBD /* Project object */;
}
